// !$*UTF8*$!
{
	archiveVersion = 1;
	classes = {
	};
	objectVersion = 46;
	objects = {

/* Begin PBXBuildFile section */
		336615F01C284E4F00620FCF /* main.m in Sources */ = {isa = PBXBuildFile; fileRef = 336615EF1C284E4F00620FCF /* main.m */; };
		336615F31C284E4F00620FCF /* AppDelegate.m in Sources */ = {isa = PBXBuildFile; fileRef = 336615F21C284E4F00620FCF /* AppDelegate.m */; };
		336615F61C284E4F00620FCF /* ViewController.m in Sources */ = {isa = PBXBuildFile; fileRef = 336615F51C284E4F00620FCF /* ViewController.m */; };
		336615F91C284E4F00620FCF /* Main.storyboard in Resources */ = {isa = PBXBuildFile; fileRef = 336615F71C284E4F00620FCF /* Main.storyboard */; };
		336615FB1C284E4F00620FCF /* Assets.xcassets in Resources */ = {isa = PBXBuildFile; fileRef = 336615FA1C284E4F00620FCF /* Assets.xcassets */; };
		336615FE1C284E4F00620FCF /* LaunchScreen.storyboard in Resources */ = {isa = PBXBuildFile; fileRef = 336615FC1C284E4F00620FCF /* LaunchScreen.storyboard */; };
/* End PBXBuildFile section */

/* Begin PBXFileReference section */
		336615EB1C284E4F00620FCF /* ExampleOfConcurrency.app */ = {isa = PBXFileReference; explicitFileType = wrapper.application; includeInIndex = 0; path = ExampleOfConcurrency.app; sourceTree = BUILT_PRODUCTS_DIR; };
		336615EF1C284E4F00620FCF /* main.m */ = {isa = PBXFileReference; lastKnownFileType = sourcecode.c.objc; path = main.m; sourceTree = "<group>"; };
		336615F11C284E4F00620FCF /* AppDelegate.h */ = {isa = PBXFileReference; lastKnownFileType = sourcecode.c.h; path = AppDelegate.h; sourceTree = "<group>"; };
		336615F21C284E4F00620FCF /* AppDelegate.m */ = {isa = PBXFileReference; lastKnownFileType = sourcecode.c.objc; path = AppDelegate.m; sourceTree = "<group>"; };
		336615F41C284E4F00620FCF /* ViewController.h */ = {isa = PBXFileReference; lastKnownFileType = sourcecode.c.h; path = ViewController.h; sourceTree = "<group>"; };
		336615F51C284E4F00620FCF /* ViewController.m */ = {isa = PBXFileReference; lastKnownFileType = sourcecode.c.objc; path = ViewController.m; sourceTree = "<group>"; };
		336615F81C284E4F00620FCF /* Base */ = {isa = PBXFileReference; lastKnownFileType = file.storyboard; name = Base; path = Base.lproj/Main.storyboard; sourceTree = "<group>"; };
		336615FA1C284E4F00620FCF /* Assets.xcassets */ = {isa = PBXFileReference; lastKnownFileType = folder.assetcatalog; path = Assets.xcassets; sourceTree = "<group>"; };
		336615FD1C284E4F00620FCF /* Base */ = {isa = PBXFileReference; lastKnownFileType = file.storyboard; name = Base; path = Base.lproj/LaunchScreen.storyboard; sourceTree = "<group>"; };
		336615FF1C284E4F00620FCF /* Info.plist */ = {isa = PBXFileReference; lastKnownFileType = text.plist.xml; path = Info.plist; sourceTree = "<group>"; };
/* End PBXFileReference section */

/* Begin PBXFrameworksBuildPhase section */
		336615E81C284E4F00620FCF /* Frameworks */ = {
			isa = PBXFrameworksBuildPhase;
			buildActionMask = 2147483647;
			files = (
			);
			runOnlyForDeploymentPostprocessing = 0;
		};
/* End PBXFrameworksBuildPhase section */

/* Begin PBXGroup section */
		336615E21C284E4F00620FCF = {
			isa = PBXGroup;
			children = (
				336615ED1C284E4F00620FCF /* ExampleOfConcurrency */,
				336615EC1C284E4F00620FCF /* Products */,
			);
			sourceTree = "<group>";
		};
		336615EC1C284E4F00620FCF /* Products */ = {
			isa = PBXGroup;
			children = (
				336615EB1C284E4F00620FCF /* ExampleOfConcurrency.app */,
			);
			name = Products;
			sourceTree = "<group>";
		};
		336615ED1C284E4F00620FCF /* ExampleOfConcurrency */ = {
			isa = PBXGroup;
			children = (
				336615F11C284E4F00620FCF /* AppDelegate.h */,
				336615F21C284E4F00620FCF /* AppDelegate.m */,
				336615F41C284E4F00620FCF /* ViewController.h */,
				336615F51C284E4F00620FCF /* ViewController.m */,
				336615F71C284E4F00620FCF /* Main.storyboard */,
				336615FA1C284E4F00620FCF /* Assets.xcassets */,
				336615FC1C284E4F00620FCF /* LaunchScreen.storyboard */,
				336615FF1C284E4F00620FCF /* Info.plist */,
				336615EE1C284E4F00620FCF /* Supporting Files */,
			);
			path = ExampleOfConcurrency;
			sourceTree = "<group>";
		};
		336615EE1C284E4F00620FCF /* Supporting Files */ = {
			isa = PBXGroup;
			children = (
				336615EF1C284E4F00620FCF /* main.m */,
			);
			name = "Supporting Files";
			sourceTree = "<group>";
		};
/* End PBXGroup section */

/* Begin PBXNativeTarget section */
		336615EA1C284E4F00620FCF /* ExampleOfConcurrency */ = {
			isa = PBXNativeTarget;
			buildConfigurationList = 336616021C284E4F00620FCF /* Build configuration list for PBXNativeTarget "ExampleOfConcurrency" */;
			buildPhases = (
				336615E71C284E4F00620FCF /* Sources */,
				336615E81C284E4F00620FCF /* Frameworks */,
				336615E91C284E4F00620FCF /* Resources */,
			);
			buildRules = (
			);
			dependencies = (
			);
			name = ExampleOfConcurrency;
			productName = ExampleOfConcurrency;
			productReference = 336615EB1C284E4F00620FCF /* ExampleOfConcurrency.app */;
			productType = "com.apple.product-type.application";
		};
/* End PBXNativeTarget section */

/* Begin PBXProject section */
		336615E31C284E4F00620FCF /* Project object */ = {
			isa = PBXProject;
			attributes = {
				LastUpgradeCheck = 0720;
				ORGANIZATIONNAME = "Andrey Karaban";
				TargetAttributes = {
					336615EA1C284E4F00620FCF = {
						CreatedOnToolsVersion = 7.2;
						DevelopmentTeam = 4D6269988M;
					};
				};
			};
			buildConfigurationList = 336615E61C284E4F00620FCF /* Build configuration list for PBXProject "ExampleOfConcurrency" */;
			compatibilityVersion = "Xcode 3.2";
			developmentRegion = English;
			hasScannedForEncodings = 0;
			knownRegions = (
				en,
				Base,
			);
			mainGroup = 336615E21C284E4F00620FCF;
			productRefGroup = 336615EC1C284E4F00620FCF /* Products */;
			projectDirPath = "";
			projectRoot = "";
			targets = (
				336615EA1C284E4F00620FCF /* ExampleOfConcurrency */,
			);
		};
/* End PBXProject section */

/* Begin PBXResourcesBuildPhase section */
		336615E91C284E4F00620FCF /* Resources */ = {
			isa = PBXResourcesBuildPhase;
			buildActionMask = 2147483647;
			files = (
				336615FE1C284E4F00620FCF /* LaunchScreen.storyboard in Resources */,
				336615FB1C284E4F00620FCF /* Assets.xcassets in Resources */,
				336615F91C284E4F00620FCF /* Main.storyboard in Resources */,
			);
			runOnlyForDeploymentPostprocessing = 0;
		};
/* End PBXResourcesBuildPhase section */

/* Begin PBXSourcesBuildPhase section */
		336615E71C284E4F00620FCF /* Sources */ = {
			isa = PBXSourcesBuildPhase;
			buildActionMask = 2147483647;
			files = (
				336615F61C284E4F00620FCF /* ViewController.m in Sources */,
				336615F31C284E4F00620FCF /* AppDelegate.m in Sources */,
				336615F01C284E4F00620FCF /* main.m in Sources */,
			);
			runOnlyForDeploymentPostprocessing = 0;
		};
/* End PBXSourcesBuildPhase section */

/* Begin PBXVariantGroup section */
		336615F71C284E4F00620FCF /* Main.storyboard */ = {
			isa = PBXVariantGroup;
			children = (
				336615F81C284E4F00620FCF /* Base */,
			);
			name = Main.storyboard;
			sourceTree = "<group>";
		};
		336615FC1C284E4F00620FCF /* LaunchScreen.storyboard */ = {
			isa = PBXVariantGroup;
			children = (
				336615FD1C284E4F00620FCF /* Base */,
			);
			name = LaunchScreen.storyboard;
			sourceTree = "<group>";
		};
/* End PBXVariantGroup section */

/* Begin XCBuildConfiguration section */
		336616001C284E4F00620FCF /* Debug */ = {
			isa = XCBuildConfiguration;
			buildSettings = {
				ALWAYS_SEARCH_USER_PATHS = NO;
				CLANG_CXX_LANGUAGE_STANDARD = "gnu++0x";
				CLANG_CXX_LIBRARY = "libc++";
				CLANG_ENABLE_MODULES = YES;
				CLANG_ENABLE_OBJC_ARC = YES;
				CLANG_WARN_BOOL_CONVERSION = YES;
				CLANG_WARN_CONSTANT_CONVERSION = YES;
				CLANG_WARN_DIRECT_OBJC_ISA_USAGE = YES_ERROR;
				CLANG_WARN_EMPTY_BODY = YES;
				CLANG_WARN_ENUM_CONVERSION = YES;
				CLANG_WARN_INT_CONVERSION = YES;
				CLANG_WARN_OBJC_ROOT_CLASS = YES_ERROR;
				CLANG_WARN_UNREACHABLE_CODE = YES;
				CLANG_WARN__DUPLICATE_METHOD_MATCH = YES;
				"CODE_SIGN_IDENTITY[sdk=iphoneos*]" = "iPhone Developer";
				COPY_PHASE_STRIP = NO;
				DEBUG_INFORMATION_FORMAT = dwarf;
				ENABLE_STRICT_OBJC_MSGSEND = YES;
				ENABLE_TESTABILITY = YES;
				GCC_C_LANGUAGE_STANDARD = gnu99;
				GCC_DYNAMIC_NO_PIC = NO;
				GCC_NO_COMMON_BLOCKS = YES;
				GCC_OPTIMIZATION_LEVEL = 0;
				GCC_PREPROCESSOR_DEFINITIONS = (
					"DEBUG=1",
					"$(inherited)",
				);
				GCC_WARN_64_TO_32_BIT_CONVERSION = YES;
				GCC_WARN_ABOUT_RETURN_TYPE = YES_ERROR;
				GCC_WARN_UNDECLARED_SELECTOR = YES;
				GCC_WARN_UNINITIALIZED_AUTOS = YES_AGGRESSIVE;
				GCC_WARN_UNUSED_FUNCTION = YES;
				GCC_WARN_UNUSED_VARIABLE = YES;
				IPHONEOS_DEPLOYMENT_TARGET = 9.2;
				MTL_ENABLE_DEBUG_INFO = YES;
				ONLY_ACTIVE_ARCH = YES;
				SDKROOT = iphoneos;
			};
			name = Debug;
		};
		336616011C284E4F00620FCF /* Release */ = {
			isa = XCBuildConfiguration;
			buildSettings = {
				ALWAYS_SEARCH_USER_PATHS = NO;
				CLANG_CXX_LANGUAGE_STANDARD = "gnu++0x";
				CLANG_CXX_LIBRARY = "libc++";
				CLANG_ENABLE_MODULES = YES;
				CLANG_ENABLE_OBJC_ARC = YES;
				CLANG_WARN_BOOL_CONVERSION = YES;
				CLANG_WARN_CONSTANT_CONVERSION = YES;
				CLANG_WARN_DIRECT_OBJC_ISA_USAGE = YES_ERROR;
				CLANG_WARN_EMPTY_BODY = YES;
				CLANG_WARN_ENUM_CONVERSION = YES;
				CLANG_WARN_INT_CONVERSION = YES;
				CLANG_WARN_OBJC_ROOT_CLASS = YES_ERROR;
				CLANG_WARN_UNREACHABLE_CODE = YES;
				CLANG_WARN__DUPLICATE_METHOD_MATCH = YES;
				"CODE_SIGN_IDENTITY[sdk=iphoneos*]" = "iPhone Developer";
				COPY_PHASE_STRIP = NO;
				DEBUG_INFORMATION_FORMAT = "dwarf-with-dsym";
				ENABLE_NS_ASSERTIONS = NO;
				ENABLE_STRICT_OBJC_MSGSEND = YES;
				GCC_C_LANGUAGE_STANDARD = gnu99;
				GCC_NO_COMMON_BLOCKS = YES;
				GCC_WARN_64_TO_32_BIT_CONVERSION = YES;
				GCC_WARN_ABOUT_RETURN_TYPE = YES_ERROR;
				GCC_WARN_UNDECLARED_SELECTOR = YES;
				GCC_WARN_UNINITIALIZED_AUTOS = YES_AGGRESSIVE;
				GCC_WARN_UNUSED_FUNCTION = YES;
				GCC_WARN_UNUSED_VARIABLE = YES;
				IPHONEOS_DEPLOYMENT_TARGET = 9.2;
				MTL_ENABLE_DEBUG_INFO = NO;
				SDKROOT = iphoneos;
				VALIDATE_PRODUCT = YES;
			};
			name = Release;
		};
		336616031C284E4F00620FCF /* Debug */ = {
			isa = XCBuildConfiguration;
			buildSettings = {
				ASSETCATALOG_COMPILER_APPICON_NAME = AppIcon;
				INFOPLIST_FILE = ExampleOfConcurrency/Info.plist;
				LD_RUNPATH_SEARCH_PATHS = "$(inherited) @executable_path/Frameworks";
				PRODUCT_BUNDLE_IDENTIFIER = com.karaban.ExampleOfConcurrency;
				PRODUCT_NAME = "$(TARGET_NAME)";
			};
			name = Debug;
		};
		336616041C284E4F00620FCF /* Release */ = {
			isa = XCBuildConfiguration;
			buildSettings = {
				ASSETCATALOG_COMPILER_APPICON_NAME = AppIcon;
				INFOPLIST_FILE = ExampleOfConcurrency/Info.plist;
				LD_RUNPATH_SEARCH_PATHS = "$(inherited) @executable_path/Frameworks";
				PRODUCT_BUNDLE_IDENTIFIER = com.karaban.ExampleOfConcurrency;
				PRODUCT_NAME = "$(TARGET_NAME)";
			};
			name = Release;
		};
/* End XCBuildConfiguration section */

/* Begin XCConfigurationList section */
		336615E61C284E4F00620FCF /* Build configuration list for PBXProject "ExampleOfConcurrency" */ = {
			isa = XCConfigurationList;
			buildConfigurations = (
				336616001C284E4F00620FCF /* Debug */,
				336616011C284E4F00620FCF /* Release */,
			);
			defaultConfigurationIsVisible = 0;
			defaultConfigurationName = Release;
		};
		336616021C284E4F00620FCF /* Build configuration list for PBXNativeTarget "ExampleOfConcurrency" */ = {
			isa = XCConfigurationList;
			buildConfigurations = (
				336616031C284E4F00620FCF /* Debug */,
				336616041C284E4F00620FCF /* Release */,
			);
			defaultConfigurationIsVisible = 0;
		};
/* End XCConfigurationList section */
	};
	rootObject = 336615E31C284E4F00620FCF /* Project object */;
}
